
Microsoft Visual Studio Solution File, Format Version 12.00
# Visual Studio Version 17
VisualStudioVersion = 17.14.36301.6 d17.14
MinimumVisualStudioVersion = 10.0.40219.1
Project("{FAE04EC0-301F-11D3-BF4B-00C04F79EFBC}") = "Skillora", "Skillora.csproj", "{1D7CF6F1-9B04-4984-8374-A397652A2A6D}"
EndProject
Global
	GlobalSection(SolutionConfigurationPlatforms) = preSolution
		Debug|Any CPU = Debug|Any CPU
		Release|Any CPU = Release|Any CPU
	EndGlobalSection
	GlobalSection(ProjectConfigurationPlatforms) = postSolution
		{1D7CF6F1-9B04-4984-8374-A397652A2A6D}.Debug|Any CPU.ActiveCfg = Debug|Any CPU
		{1D7CF6F1-9B04-4984-8374-A397652A2A6D}.Debug|Any CPU.Build.0 = Debug|Any CPU
		{1D7CF6F1-9B04-4984-8374-A397652A2A6D}.Release|Any CPU.ActiveCfg = Release|Any CPU
		{1D7CF6F1-9B04-4984-8374-A397652A2A6D}.Release|Any CPU.Build.0 = Release|Any CPU
	EndGlobalSection
	GlobalSection(SolutionProperties) = preSolution
		HideSolutionNode = FALSE
	EndGlobalSection
	GlobalSection(ExtensibilityGlobals) = postSolution
		SolutionGuid = {179D1E1D-2464-4A5E-B012-0B5C283FD1AB}
	EndGlobalSection
EndGlobal
